
Microsoft Visual Studio Solution File, Format Version 12.00
# Visual Studio Version 17
VisualStudioVersion = 17.11.35312.102
MinimumVisualStudioVersion = 10.0.40219.1
Project("{9A19103F-16F7-4668-BE54-9A1E7A4F7556}") = "GIO-14BlazorApp", "GIO-14BlazorApp\GIO-14BlazorApp.csproj", "{A0F26FF5-1E5F-40AA-B962-D131942E6F64}"
EndProject
Project("{2150E333-8FDC-42A3-9474-1A3956D46DE8}") = "Blazor", "Blazor", "{9E1E41B1-04C0-4D03-86D6-814E447E86BE}"
EndProject
Project("{2150E333-8FDC-42A3-9474-1A3956D46DE8}") = "API", "API", "{732EBBAD-2427-4125-AA09-C70117B518B7}"
EndProject
Project("{9A19103F-16F7-4668-BE54-9A1E7A4F7556}") = "GIO-14API", "GIO-14API\GIO-14API.csproj", "{308CAAF6-080A-41D2-A087-A7D4E389D8AA}"
EndProject
Project("{9A19103F-16F7-4668-BE54-9A1E7A4F7556}") = "GIO-14BlazorLibrary", "GIO-14BlazorLibrary\GIO-14BlazorLibrary.csproj", "{EAC64698-A1A4-4699-B4F4-3B6006F6BE7F}"
EndProject
Project("{9A19103F-16F7-4668-BE54-9A1E7A4F7556}") = "GIO-14APILibrary", "GIO-14APILibrary\GIO-14APILibrary.csproj", "{BD47A374-8570-461C-B084-82855B176F50}"
EndProject
Global
	GlobalSection(SolutionConfigurationPlatforms) = preSolution
		Debug|Any CPU = Debug|Any CPU
		Release|Any CPU = Release|Any CPU
	EndGlobalSection
	GlobalSection(ProjectConfigurationPlatforms) = postSolution
		{A0F26FF5-1E5F-40AA-B962-D131942E6F64}.Debug|Any CPU.ActiveCfg = Debug|Any CPU
		{A0F26FF5-1E5F-40AA-B962-D131942E6F64}.Debug|Any CPU.Build.0 = Debug|Any CPU
		{A0F26FF5-1E5F-40AA-B962-D131942E6F64}.Release|Any CPU.ActiveCfg = Release|Any CPU
		{A0F26FF5-1E5F-40AA-B962-D131942E6F64}.Release|Any CPU.Build.0 = Release|Any CPU
		{308CAAF6-080A-41D2-A087-A7D4E389D8AA}.Debug|Any CPU.ActiveCfg = Debug|Any CPU
		{308CAAF6-080A-41D2-A087-A7D4E389D8AA}.Debug|Any CPU.Build.0 = Debug|Any CPU
		{308CAAF6-080A-41D2-A087-A7D4E389D8AA}.Release|Any CPU.ActiveCfg = Release|Any CPU
		{308CAAF6-080A-41D2-A087-A7D4E389D8AA}.Release|Any CPU.Build.0 = Release|Any CPU
		{EAC64698-A1A4-4699-B4F4-3B6006F6BE7F}.Debug|Any CPU.ActiveCfg = Debug|Any CPU
		{EAC64698-A1A4-4699-B4F4-3B6006F6BE7F}.Debug|Any CPU.Build.0 = Debug|Any CPU
		{EAC64698-A1A4-4699-B4F4-3B6006F6BE7F}.Release|Any CPU.ActiveCfg = Release|Any CPU
		{EAC64698-A1A4-4699-B4F4-3B6006F6BE7F}.Release|Any CPU.Build.0 = Release|Any CPU
		{BD47A374-8570-461C-B084-82855B176F50}.Debug|Any CPU.ActiveCfg = Debug|Any CPU
		{BD47A374-8570-461C-B084-82855B176F50}.Debug|Any CPU.Build.0 = Debug|Any CPU
		{BD47A374-8570-461C-B084-82855B176F50}.Release|Any CPU.ActiveCfg = Release|Any CPU
		{BD47A374-8570-461C-B084-82855B176F50}.Release|Any CPU.Build.0 = Release|Any CPU
	EndGlobalSection
	GlobalSection(SolutionProperties) = preSolution
		HideSolutionNode = FALSE
	EndGlobalSection
	GlobalSection(NestedProjects) = preSolution
		{A0F26FF5-1E5F-40AA-B962-D131942E6F64} = {9E1E41B1-04C0-4D03-86D6-814E447E86BE}
		{308CAAF6-080A-41D2-A087-A7D4E389D8AA} = {732EBBAD-2427-4125-AA09-C70117B518B7}
		{EAC64698-A1A4-4699-B4F4-3B6006F6BE7F} = {9E1E41B1-04C0-4D03-86D6-814E447E86BE}
		{BD47A374-8570-461C-B084-82855B176F50} = {732EBBAD-2427-4125-AA09-C70117B518B7}
	EndGlobalSection
	GlobalSection(ExtensibilityGlobals) = postSolution
		SolutionGuid = {549F90EB-E2CF-4429-B5F0-F28E757315BB}
	EndGlobalSection
EndGlobal
